$ANSIBLE_VAULT;1.1;AES256
37346630663630643863666532383333353431346633613562326264383363376639663264323638
3935616466376536663635303131626134633732383066660a616264343965303830393165313036
38366432343235386236333664396132613062393238333064666664393064336231353564376231
6532636135383233380a396431326531383831613636353539373034636562346231626665313466
39363438613930363934613230303435623136313764366164373537346330343536626461656535
38343336613233343831346565343235373130336432343630316639376430346637343435393066
37386165353464653462343961343436323266383363316437376236333531366562626131316534
32343263636165396665
